
Microsoft Visual Studio Solution File, Format Version 12.00
# Visual Studio Version 16
VisualStudioVersion = 16.0.30114.105
MinimumVisualStudioVersion = 10.0.40219.1
Project("{2150E333-8FDC-42A3-9474-1A3956D46DE8}") = "libraries", "libraries", "{E4197687-4DF3-4A6C-8D06-709F2EE6CED4}"
EndProject
Project("{9A19103F-16F7-4668-BE54-9A1E7A4F7556}") = "Codefondo.DDD.Kernel", "Codefondo.DDD.Kernel\Codefondo.DDD.Kernel.csproj", "{98C18BD2-2715-4D4C-9306-C18132546799}"
EndProject
Project("{2150E333-8FDC-42A3-9474-1A3956D46DE8}") = "tests", "tests", "{F93AA4D5-388E-4614-9A23-4CCF3AA97D5F}"
EndProject
Project("{9A19103F-16F7-4668-BE54-9A1E7A4F7556}") = "Codefondo.DDD.Kernel.Tests", "tests\Codefondo.DDD.Kernel.Tests\Codefondo.DDD.Kernel.Tests.csproj", "{E6399040-E9B6-4805-9A90-2EA661F58C36}"
EndProject
Project("{2150E333-8FDC-42A3-9474-1A3956D46DE8}") = "account", "account", "{C0973B65-08D1-48FE-9C6E-75DA6B83111F}"
EndProject
Project("{9A19103F-16F7-4668-BE54-9A1E7A4F7556}") = "GroupBudget.Account.Domain", "account\GroupBudget.Account.Domain\GroupBudget.Account.Domain.csproj", "{65A7720A-58AD-4751-B0D2-8E5A42C58D55}"
EndProject
Project("{9A19103F-16F7-4668-BE54-9A1E7A4F7556}") = "GroupBudget.Account.Domain.Tests", "account\GroupBudget.Account.Domain.Tests\GroupBudget.Account.Domain.Tests.csproj", "{73E56E46-98FF-474C-AA30-594FFD6CD862}"
EndProject
Project("{9A19103F-16F7-4668-BE54-9A1E7A4F7556}") = "GroupBudget.Account.Messages", "account\GroupBudget.Account.Messages\GroupBudget.Account.Messages.csproj", "{E660EB50-E857-43F9-A395-CAD6BCB96F52}"
EndProject
Project("{2150E333-8FDC-42A3-9474-1A3956D46DE8}") = "shared", "shared", "{F15F7C14-562C-481B-9040-C2FC48C57CCB}"
EndProject
Project("{9A19103F-16F7-4668-BE54-9A1E7A4F7556}") = "GroupBudget.SharedKernel", "GroupBudget.SharedKernel\GroupBudget.SharedKernel.csproj", "{C5EBE5D4-6026-4AE5-9F28-477636ECB5A6}"
EndProject
Project("{9A19103F-16F7-4668-BE54-9A1E7A4F7556}") = "GroupBudget.SharedKernel.Tests", "tests\GroupBudget.SharedKernel.Tests\GroupBudget.SharedKernel.Tests.csproj", "{0D0F0F04-77D9-407F-A62A-9B351106AEBE}"
EndProject
Project("{9A19103F-16F7-4668-BE54-9A1E7A4F7556}") = "GroupBudget.Account.UseCases", "account\GroupBudget.Account.UseCases\GroupBudget.Account.UseCases.csproj", "{2EB079D8-A2B3-432C-9BA3-F66C07226F84}"
EndProject
Project("{9A19103F-16F7-4668-BE54-9A1E7A4F7556}") = "Codefondo.UseCase.Kernel", "libraries\Codefondo.UseCase.Kernel\Codefondo.UseCase.Kernel.csproj", "{A3F42FD3-66D8-4039-B8E5-74595121A815}"
EndProject
Project("{9A19103F-16F7-4668-BE54-9A1E7A4F7556}") = "GroupBudget.Account.UseCases.Tests", "account\GroupBudget.Account.UseCases.Tests\GroupBudget.Account.UseCases.Tests.csproj", "{1C9E4587-82C1-405B-9BED-DEF84CE2173F}"
EndProject
Project("{9A19103F-16F7-4668-BE54-9A1E7A4F7556}") = "GroupBudget.WebApi", "GroupBudget.WebApi\GroupBudget.WebApi.csproj", "{920E5085-3D1F-4F5B-88D3-AA6F9CE99498}"
EndProject
Project("{9A19103F-16F7-4668-BE54-9A1E7A4F7556}") = "GroupBudget.Account.Persistence", "account\GroupBudget.Account.Persistence\GroupBudget.Account.Persistence.csproj", "{0FC2D634-A2A1-4DA9-9F54-4057AADD903F}"
EndProject
Project("{9A19103F-16F7-4668-BE54-9A1E7A4F7556}") = "GroupBudget.Account.Dtos", "account\GroupBudget.Account.Dtos\GroupBudget.Account.Dtos.csproj", "{C96C7CEB-66DE-4CA5-BFED-7A2B710A998E}"
EndProject
Project("{E53339B2-1760-4266-BCC7-CA923CBCF16C}") = "docker-compose", "docker-compose.dcproj", "{F835B566-7D7B-4CA0-BB35-96343A99AE1B}"
EndProject
Project("{FAE04EC0-301F-11D3-BF4B-00C04F79EFBC}") = "GroupBudget.Account.WebApi", "..\account\GroupBudget.Account.WebApi\GroupBudget.Account.WebApi.csproj", "{DC089581-C476-4711-86C7-DF1EA187F079}"
EndProject
Global
	GlobalSection(SolutionConfigurationPlatforms) = preSolution
		Debug|Any CPU = Debug|Any CPU
		Release|Any CPU = Release|Any CPU
	EndGlobalSection
	GlobalSection(ProjectConfigurationPlatforms) = postSolution
		{98C18BD2-2715-4D4C-9306-C18132546799}.Debug|Any CPU.ActiveCfg = Debug|Any CPU
		{98C18BD2-2715-4D4C-9306-C18132546799}.Debug|Any CPU.Build.0 = Debug|Any CPU
		{98C18BD2-2715-4D4C-9306-C18132546799}.Release|Any CPU.ActiveCfg = Release|Any CPU
		{98C18BD2-2715-4D4C-9306-C18132546799}.Release|Any CPU.Build.0 = Release|Any CPU
		{E6399040-E9B6-4805-9A90-2EA661F58C36}.Debug|Any CPU.ActiveCfg = Debug|Any CPU
		{E6399040-E9B6-4805-9A90-2EA661F58C36}.Debug|Any CPU.Build.0 = Debug|Any CPU
		{E6399040-E9B6-4805-9A90-2EA661F58C36}.Release|Any CPU.ActiveCfg = Release|Any CPU
		{E6399040-E9B6-4805-9A90-2EA661F58C36}.Release|Any CPU.Build.0 = Release|Any CPU
		{65A7720A-58AD-4751-B0D2-8E5A42C58D55}.Debug|Any CPU.ActiveCfg = Debug|Any CPU
		{65A7720A-58AD-4751-B0D2-8E5A42C58D55}.Debug|Any CPU.Build.0 = Debug|Any CPU
		{65A7720A-58AD-4751-B0D2-8E5A42C58D55}.Release|Any CPU.ActiveCfg = Release|Any CPU
		{65A7720A-58AD-4751-B0D2-8E5A42C58D55}.Release|Any CPU.Build.0 = Release|Any CPU
		{73E56E46-98FF-474C-AA30-594FFD6CD862}.Debug|Any CPU.ActiveCfg = Debug|Any CPU
		{73E56E46-98FF-474C-AA30-594FFD6CD862}.Debug|Any CPU.Build.0 = Debug|Any CPU
		{73E56E46-98FF-474C-AA30-594FFD6CD862}.Release|Any CPU.ActiveCfg = Release|Any CPU
		{73E56E46-98FF-474C-AA30-594FFD6CD862}.Release|Any CPU.Build.0 = Release|Any CPU
		{E660EB50-E857-43F9-A395-CAD6BCB96F52}.Debug|Any CPU.ActiveCfg = Debug|Any CPU
		{E660EB50-E857-43F9-A395-CAD6BCB96F52}.Debug|Any CPU.Build.0 = Debug|Any CPU
		{E660EB50-E857-43F9-A395-CAD6BCB96F52}.Release|Any CPU.ActiveCfg = Release|Any CPU
		{E660EB50-E857-43F9-A395-CAD6BCB96F52}.Release|Any CPU.Build.0 = Release|Any CPU
		{C5EBE5D4-6026-4AE5-9F28-477636ECB5A6}.Debug|Any CPU.ActiveCfg = Debug|Any CPU
		{C5EBE5D4-6026-4AE5-9F28-477636ECB5A6}.Debug|Any CPU.Build.0 = Debug|Any CPU
		{C5EBE5D4-6026-4AE5-9F28-477636ECB5A6}.Release|Any CPU.ActiveCfg = Release|Any CPU
		{C5EBE5D4-6026-4AE5-9F28-477636ECB5A6}.Release|Any CPU.Build.0 = Release|Any CPU
		{0D0F0F04-77D9-407F-A62A-9B351106AEBE}.Debug|Any CPU.ActiveCfg = Debug|Any CPU
		{0D0F0F04-77D9-407F-A62A-9B351106AEBE}.Debug|Any CPU.Build.0 = Debug|Any CPU
		{0D0F0F04-77D9-407F-A62A-9B351106AEBE}.Release|Any CPU.ActiveCfg = Release|Any CPU
		{0D0F0F04-77D9-407F-A62A-9B351106AEBE}.Release|Any CPU.Build.0 = Release|Any CPU
		{2EB079D8-A2B3-432C-9BA3-F66C07226F84}.Debug|Any CPU.ActiveCfg = Debug|Any CPU
		{2EB079D8-A2B3-432C-9BA3-F66C07226F84}.Debug|Any CPU.Build.0 = Debug|Any CPU
		{2EB079D8-A2B3-432C-9BA3-F66C07226F84}.Release|Any CPU.ActiveCfg = Release|Any CPU
		{2EB079D8-A2B3-432C-9BA3-F66C07226F84}.Release|Any CPU.Build.0 = Release|Any CPU
		{A3F42FD3-66D8-4039-B8E5-74595121A815}.Debug|Any CPU.ActiveCfg = Debug|Any CPU
		{A3F42FD3-66D8-4039-B8E5-74595121A815}.Debug|Any CPU.Build.0 = Debug|Any CPU
		{A3F42FD3-66D8-4039-B8E5-74595121A815}.Release|Any CPU.ActiveCfg = Release|Any CPU
		{A3F42FD3-66D8-4039-B8E5-74595121A815}.Release|Any CPU.Build.0 = Release|Any CPU
		{1C9E4587-82C1-405B-9BED-DEF84CE2173F}.Debug|Any CPU.ActiveCfg = Debug|Any CPU
		{1C9E4587-82C1-405B-9BED-DEF84CE2173F}.Debug|Any CPU.Build.0 = Debug|Any CPU
		{1C9E4587-82C1-405B-9BED-DEF84CE2173F}.Release|Any CPU.ActiveCfg = Release|Any CPU
		{1C9E4587-82C1-405B-9BED-DEF84CE2173F}.Release|Any CPU.Build.0 = Release|Any CPU
		{920E5085-3D1F-4F5B-88D3-AA6F9CE99498}.Debug|Any CPU.ActiveCfg = Debug|Any CPU
		{920E5085-3D1F-4F5B-88D3-AA6F9CE99498}.Debug|Any CPU.Build.0 = Debug|Any CPU
		{920E5085-3D1F-4F5B-88D3-AA6F9CE99498}.Release|Any CPU.ActiveCfg = Release|Any CPU
		{920E5085-3D1F-4F5B-88D3-AA6F9CE99498}.Release|Any CPU.Build.0 = Release|Any CPU
		{0FC2D634-A2A1-4DA9-9F54-4057AADD903F}.Debug|Any CPU.ActiveCfg = Debug|Any CPU
		{0FC2D634-A2A1-4DA9-9F54-4057AADD903F}.Debug|Any CPU.Build.0 = Debug|Any CPU
		{0FC2D634-A2A1-4DA9-9F54-4057AADD903F}.Release|Any CPU.ActiveCfg = Release|Any CPU
		{0FC2D634-A2A1-4DA9-9F54-4057AADD903F}.Release|Any CPU.Build.0 = Release|Any CPU
		{C96C7CEB-66DE-4CA5-BFED-7A2B710A998E}.Debug|Any CPU.ActiveCfg = Debug|Any CPU
		{C96C7CEB-66DE-4CA5-BFED-7A2B710A998E}.Debug|Any CPU.Build.0 = Debug|Any CPU
		{C96C7CEB-66DE-4CA5-BFED-7A2B710A998E}.Release|Any CPU.ActiveCfg = Release|Any CPU
		{C96C7CEB-66DE-4CA5-BFED-7A2B710A998E}.Release|Any CPU.Build.0 = Release|Any CPU
		{F835B566-7D7B-4CA0-BB35-96343A99AE1B}.Debug|Any CPU.ActiveCfg = Debug|Any CPU
		{F835B566-7D7B-4CA0-BB35-96343A99AE1B}.Debug|Any CPU.Build.0 = Debug|Any CPU
		{F835B566-7D7B-4CA0-BB35-96343A99AE1B}.Release|Any CPU.ActiveCfg = Release|Any CPU
		{F835B566-7D7B-4CA0-BB35-96343A99AE1B}.Release|Any CPU.Build.0 = Release|Any CPU
		{DC089581-C476-4711-86C7-DF1EA187F079}.Debug|Any CPU.ActiveCfg = Debug|Any CPU
		{DC089581-C476-4711-86C7-DF1EA187F079}.Debug|Any CPU.Build.0 = Debug|Any CPU
		{DC089581-C476-4711-86C7-DF1EA187F079}.Release|Any CPU.ActiveCfg = Release|Any CPU
		{DC089581-C476-4711-86C7-DF1EA187F079}.Release|Any CPU.Build.0 = Release|Any CPU
	EndGlobalSection
	GlobalSection(SolutionProperties) = preSolution
		HideSolutionNode = FALSE
	EndGlobalSection
	GlobalSection(NestedProjects) = preSolution
		{98C18BD2-2715-4D4C-9306-C18132546799} = {E4197687-4DF3-4A6C-8D06-709F2EE6CED4}
		{E6399040-E9B6-4805-9A90-2EA661F58C36} = {F93AA4D5-388E-4614-9A23-4CCF3AA97D5F}
		{65A7720A-58AD-4751-B0D2-8E5A42C58D55} = {C0973B65-08D1-48FE-9C6E-75DA6B83111F}
		{73E56E46-98FF-474C-AA30-594FFD6CD862} = {F93AA4D5-388E-4614-9A23-4CCF3AA97D5F}
		{E660EB50-E857-43F9-A395-CAD6BCB96F52} = {C0973B65-08D1-48FE-9C6E-75DA6B83111F}
		{C5EBE5D4-6026-4AE5-9F28-477636ECB5A6} = {F15F7C14-562C-481B-9040-C2FC48C57CCB}
		{0D0F0F04-77D9-407F-A62A-9B351106AEBE} = {F93AA4D5-388E-4614-9A23-4CCF3AA97D5F}
		{2EB079D8-A2B3-432C-9BA3-F66C07226F84} = {C0973B65-08D1-48FE-9C6E-75DA6B83111F}
		{A3F42FD3-66D8-4039-B8E5-74595121A815} = {E4197687-4DF3-4A6C-8D06-709F2EE6CED4}
		{1C9E4587-82C1-405B-9BED-DEF84CE2173F} = {F93AA4D5-388E-4614-9A23-4CCF3AA97D5F}
		{0FC2D634-A2A1-4DA9-9F54-4057AADD903F} = {C0973B65-08D1-48FE-9C6E-75DA6B83111F}
		{C96C7CEB-66DE-4CA5-BFED-7A2B710A998E} = {C0973B65-08D1-48FE-9C6E-75DA6B83111F}
		{DC089581-C476-4711-86C7-DF1EA187F079} = {C0973B65-08D1-48FE-9C6E-75DA6B83111F}
	EndGlobalSection
	GlobalSection(ExtensibilityGlobals) = postSolution
		SolutionGuid = {CC0AC4C2-F927-48C8-BEE1-E63FCF184B02}
	EndGlobalSection
EndGlobal
